
Microsoft Visual Studio Solution File, Format Version 12.00
# Visual Studio Version 16
VisualStudioVersion = 16.0.30717.126
MinimumVisualStudioVersion = 10.0.40219.1
Project("{FAE04EC0-301F-11D3-BF4B-00C04F79EFBC}") = "TextEditor", "texte\TextEditor.csproj", "{ED3431C4-E535-47DC-856E-24925C645E50}"
EndProject
Global
	GlobalSection(SolutionConfigurationPlatforms) = preSolution
		Debug|Any CPU = Debug|Any CPU
		Release|Any CPU = Release|Any CPU
	EndGlobalSection
	GlobalSection(ProjectConfigurationPlatforms) = postSolution
		{ED3431C4-E535-47DC-856E-24925C645E50}.Debug|Any CPU.ActiveCfg = Debug|Any CPU
		{ED3431C4-E535-47DC-856E-24925C645E50}.Debug|Any CPU.Build.0 = Debug|Any CPU
		{ED3431C4-E535-47DC-856E-24925C645E50}.Release|Any CPU.ActiveCfg = Release|Any CPU
		{ED3431C4-E535-47DC-856E-24925C645E50}.Release|Any CPU.Build.0 = Release|Any CPU
	EndGlobalSection
	GlobalSection(SolutionProperties) = preSolution
		HideSolutionNode = FALSE
	EndGlobalSection
	GlobalSection(ExtensibilityGlobals) = postSolution
		SolutionGuid = {59BDAA1D-4927-4F7B-BD33-69E0C5A4C9CD}
	EndGlobalSection
EndGlobal
