
Microsoft Visual Studio Solution File, Format Version 12.00
# Visual Studio Version 16
VisualStudioVersion = 16.0.30413.136
MinimumVisualStudioVersion = 10.0.40219.1
Project("{FAE04EC0-301F-11D3-BF4B-00C04F79EFBC}") = "MatrixCalc", "MatrixCalc\MatrixCalc.csproj", "{F09EA74E-4C30-4EED-879F-01EA03FA4637}"
EndProject
Global
	GlobalSection(SolutionConfigurationPlatforms) = preSolution
		Debug|Any CPU = Debug|Any CPU
		Release|Any CPU = Release|Any CPU
	EndGlobalSection
	GlobalSection(ProjectConfigurationPlatforms) = postSolution
		{F09EA74E-4C30-4EED-879F-01EA03FA4637}.Debug|Any CPU.ActiveCfg = Debug|Any CPU
		{F09EA74E-4C30-4EED-879F-01EA03FA4637}.Debug|Any CPU.Build.0 = Debug|Any CPU
		{F09EA74E-4C30-4EED-879F-01EA03FA4637}.Release|Any CPU.ActiveCfg = Release|Any CPU
		{F09EA74E-4C30-4EED-879F-01EA03FA4637}.Release|Any CPU.Build.0 = Release|Any CPU
	EndGlobalSection
	GlobalSection(SolutionProperties) = preSolution
		HideSolutionNode = FALSE
	EndGlobalSection
	GlobalSection(ExtensibilityGlobals) = postSolution
		SolutionGuid = {441B9BB5-BC4D-4C36-A169-D976311F37AE}
	EndGlobalSection
EndGlobal
