
Microsoft Visual Studio Solution File, Format Version 12.00
# Visual Studio Version 16
VisualStudioVersion = 16.0.31112.23
MinimumVisualStudioVersion = 10.0.40219.1
Project("{9A19103F-16F7-4668-BE54-9A1E7A4F7556}") = "BullsAndCows", "BullsAndCows.csproj", "{B9E1EA59-3FE1-4C00-AC1F-A03D862EB894}"
EndProject
Global
	GlobalSection(SolutionConfigurationPlatforms) = preSolution
		Debug|Any CPU = Debug|Any CPU
		Release|Any CPU = Release|Any CPU
	EndGlobalSection
	GlobalSection(ProjectConfigurationPlatforms) = postSolution
		{B9E1EA59-3FE1-4C00-AC1F-A03D862EB894}.Debug|Any CPU.ActiveCfg = Debug|Any CPU
		{B9E1EA59-3FE1-4C00-AC1F-A03D862EB894}.Debug|Any CPU.Build.0 = Debug|Any CPU
		{B9E1EA59-3FE1-4C00-AC1F-A03D862EB894}.Release|Any CPU.ActiveCfg = Release|Any CPU
		{B9E1EA59-3FE1-4C00-AC1F-A03D862EB894}.Release|Any CPU.Build.0 = Release|Any CPU
	EndGlobalSection
	GlobalSection(SolutionProperties) = preSolution
		HideSolutionNode = FALSE
	EndGlobalSection
	GlobalSection(ExtensibilityGlobals) = postSolution
		SolutionGuid = {84E5E9BB-D937-444E-9782-5DB6385AD11E}
	EndGlobalSection
EndGlobal
